
Microsoft Visual Studio Solution File, Format Version 12.00
# Visual Studio Version 17
VisualStudioVersion = 17.6.33723.286
MinimumVisualStudioVersion = 10.0.40219.1
Project("{FAE04EC0-301F-11D3-BF4B-00C04F79EFBC}") = "ED.Globus.TC.Ice.FE", "ED.Globus.TC.Ice.FE.csproj", "{D495B4B6-E6E1-42E3-B98F-43F80DAADE04}"
EndProject
Global
	GlobalSection(SolutionConfigurationPlatforms) = preSolution
		Debug|Any CPU = Debug|Any CPU
		Release|Any CPU = Release|Any CPU
	EndGlobalSection
	GlobalSection(ProjectConfigurationPlatforms) = postSolution
		{D495B4B6-E6E1-42E3-B98F-43F80DAADE04}.Debug|Any CPU.ActiveCfg = Debug|Any CPU
		{D495B4B6-E6E1-42E3-B98F-43F80DAADE04}.Debug|Any CPU.Build.0 = Debug|Any CPU
		{D495B4B6-E6E1-42E3-B98F-43F80DAADE04}.Release|Any CPU.ActiveCfg = Release|Any CPU
		{D495B4B6-E6E1-42E3-B98F-43F80DAADE04}.Release|Any CPU.Build.0 = Release|Any CPU
	EndGlobalSection
	GlobalSection(SolutionProperties) = preSolution
		HideSolutionNode = FALSE
	EndGlobalSection
	GlobalSection(ExtensibilityGlobals) = postSolution
		SolutionGuid = {83EDF7BC-6D2C-46AC-AD5C-53B34266976D}
	EndGlobalSection
EndGlobal
